
Microsoft Visual Studio Solution File, Format Version 12.00
# Visual Studio Version 16
VisualStudioVersion = 16.0.30204.135
MinimumVisualStudioVersion = 10.0.40219.1
Project("{FAE04EC0-301F-11D3-BF4B-00C04F79EFBC}") = "WebApiWithDockerCompose", "WebApiWithDockerCompose.csproj", "{FA375114-063A-4A06-B8F5-9A805F95AE32}"
EndProject
Project("{E53339B2-1760-4266-BCC7-CA923CBCF16C}") = "docker-compose", "docker-compose.dcproj", "{9C699028-282F-4326-8CC0-63E737F22DFD}"
EndProject
Project("{FAE04EC0-301F-11D3-BF4B-00C04F79EFBC}") = "XUnitTests", "..\XUnitTests\XUnitTests.csproj", "{1DB5EFA0-BA55-40EE-AA9A-154417A61B38}"
EndProject
Global
	GlobalSection(SolutionConfigurationPlatforms) = preSolution
		Debug|Any CPU = Debug|Any CPU
		Release|Any CPU = Release|Any CPU
	EndGlobalSection
	GlobalSection(ProjectConfigurationPlatforms) = postSolution
		{FA375114-063A-4A06-B8F5-9A805F95AE32}.Debug|Any CPU.ActiveCfg = Debug|Any CPU
		{FA375114-063A-4A06-B8F5-9A805F95AE32}.Debug|Any CPU.Build.0 = Debug|Any CPU
		{FA375114-063A-4A06-B8F5-9A805F95AE32}.Release|Any CPU.ActiveCfg = Release|Any CPU
		{FA375114-063A-4A06-B8F5-9A805F95AE32}.Release|Any CPU.Build.0 = Release|Any CPU
		{9C699028-282F-4326-8CC0-63E737F22DFD}.Debug|Any CPU.ActiveCfg = Debug|Any CPU
		{9C699028-282F-4326-8CC0-63E737F22DFD}.Debug|Any CPU.Build.0 = Debug|Any CPU
		{9C699028-282F-4326-8CC0-63E737F22DFD}.Release|Any CPU.ActiveCfg = Release|Any CPU
		{9C699028-282F-4326-8CC0-63E737F22DFD}.Release|Any CPU.Build.0 = Release|Any CPU
		{1DB5EFA0-BA55-40EE-AA9A-154417A61B38}.Debug|Any CPU.ActiveCfg = Debug|Any CPU
		{1DB5EFA0-BA55-40EE-AA9A-154417A61B38}.Debug|Any CPU.Build.0 = Debug|Any CPU
		{1DB5EFA0-BA55-40EE-AA9A-154417A61B38}.Release|Any CPU.ActiveCfg = Release|Any CPU
		{1DB5EFA0-BA55-40EE-AA9A-154417A61B38}.Release|Any CPU.Build.0 = Release|Any CPU
	EndGlobalSection
	GlobalSection(SolutionProperties) = preSolution
		HideSolutionNode = FALSE
	EndGlobalSection
	GlobalSection(ExtensibilityGlobals) = postSolution
		SolutionGuid = {E0340CCF-624C-4540-8ECD-2ADD8E324930}
	EndGlobalSection
EndGlobal
